{
  "name": "setup-intention",
  "version": "1.1.5",
  "lockfileVersion": 3,
  "requires": true,
  "packages": {
    "": {
      "name": "setup-intention",
      "version": "1.1.5",
      "license": "MIT",
      "bin": {
        "setup-intention": "setup-intention.js"
      },
      "engines": {
        "node": ">=14.0.0"
      }
    }
  }
}
